{
  "version": 4,
  "terraform_version": "1.1.9",
  "serial": 121,
  "lineage": "2f49d3bf-0301-0c01-c281-bb3fbc34aac7",
  "outputs": {},
  "resources": [
    {
      "mode": "data",
      "type": "google_project",
      "name": "current-project",
      "provider": "provider[\"registry.terraform.io/hashicorp/google\"]",
      "instances": [
        {
          "schema_version": 0,
          "attributes": {
            "auto_create_network": null,
            "billing_account": "00D88A-7C6279-7514BC",
            "folder_id": null,
            "id": "projects/ciccd-console",
            "labels": {},
            "name": "ciccd-console",
            "number": "1069288538142",
            "org_id": null,
            "project_id": "ciccd-console",
            "skip_delete": null
          },
          "sensitive_attributes": []
        }
      ]
    },
    {
      "mode": "data",
      "type": "google_service_account_access_token",
      "name": "default",
      "provider": "provider[\"registry.terraform.io/hashicorp/google\"]",
      "instances": [
        {
          "schema_version": 0,
          "attributes": {
            "access_token": "ya29.c.b0AXv0zTM-2wU6UuFWjBtyOiLQU-J7Zmq_he06LkZm7qsZRrWMYp8yVWnffcqUt1OzJJlTNsElhmBsGvWOPOPHOfWZH-1W9xJvpKGjen4OTVSTaVh_wdRtSlxL-F6grUrb8QJfnhUiRgqlPd2ku5X8-SQQk11fpBFDO2e15JWQYriAZZijmj5rno7dcjX3hPgEA5Uiic3rRpOQu9xPV0BZd7DGd7VZEQYWj_Ngf3Bv-4-_wmCGeihSlicMppq3GbUxXuphF2EFB4SrBLq0wJzgrue3nN6cGyBZB6pQztPIbTqswOKNnBfCv5Yq-BNS6oDQQv67KJyfGjDS7Ks5uR7RZ5GIhcocjafmFnKvVNTsxjk9Naux5yTfikRMOqE9DUCa4SBBvn7whUElypG4zOW4yJQWBxIFxqZAMalcdyAg1XeYfycdKqASSoUGA9QQePX6vM2RyfXlvQ4Iv839dr-YfHVwAAMI3GO0EmYXzjwwgRJ43eYESkE4...................................................................................................................................................................................................................................................................................................................................................................................................................................................................................................................................",
            "delegates": null,
            "id": "projects/-/serviceAccounts/terraform@ciccd-console.iam.gserviceaccount.com",
            "lifetime": "3600s",
            "scopes": [
              "cloud-platform",
              "userinfo-email"
            ],
            "target_service_account": "terraform@ciccd-console.iam.gserviceaccount.com"
          },
          "sensitive_attributes": []
        }
      ]
    },
    {
      "mode": "managed",
      "type": "google_app_engine_application",
      "name": "app",
      "provider": "provider[\"registry.terraform.io/hashicorp/google\"]",
      "instances": [
        {
          "schema_version": 0,
          "attributes": {
            "app_id": "ciccd-console",
            "auth_domain": "gmail.com",
            "code_bucket": "staging.ciccd-console.appspot.com",
            "database_type": "CLOUD_FIRESTORE",
            "default_bucket": "ciccd-console.appspot.com",
            "default_hostname": "ciccd-console.ew.r.appspot.com",
            "feature_settings": [
              {
                "split_health_checks": true
              }
            ],
            "gcr_domain": "eu.gcr.io",
            "iap": [],
            "id": "ciccd-console",
            "location_id": "europe-west",
            "name": "apps/ciccd-console",
            "project": "ciccd-console",
            "serving_status": "SERVING",
            "timeouts": {
              "create": null,
              "update": null
            },
            "url_dispatch_rule": []
          },
          "sensitive_attributes": [],
          "private": "eyJlMmJmYjczMC1lY2FhLTExZTYtOGY4OC0zNDM2M2JjN2M0YzAiOnsiY3JlYXRlIjoyNDAwMDAwMDAwMDAsInVwZGF0ZSI6MjQwMDAwMDAwMDAwfSwic2NoZW1hX3ZlcnNpb24iOiIwIn0="
        }
      ]
    },
    {
      "mode": "managed",
      "type": "google_artifact_registry_repository",
      "name": "docker-repo",
      "provider": "provider[\"registry.terraform.io/hashicorp/google-beta\"].impersonated",
      "instances": [
        {
          "schema_version": 0,
          "attributes": {
            "create_time": "2022-05-06T15:52:52.718764Z",
            "description": "docker repository",
            "format": "DOCKER",
            "id": "projects/ciccd-console/locations/europe-west1/repositories/docker-repository",
            "kms_key_name": "",
            "labels": {},
            "location": "europe-west1",
            "maven_config": [],
            "name": "docker-repository",
            "project": "ciccd-console",
            "repository_id": "docker-repository",
            "timeouts": {
              "create": null,
              "delete": null,
              "update": null
            },
            "update_time": "2022-05-06T15:52:52.718764Z"
          },
          "sensitive_attributes": [],
          "private": "eyJlMmJmYjczMC1lY2FhLTExZTYtOGY4OC0zNDM2M2JjN2M0YzAiOnsiY3JlYXRlIjoxMjAwMDAwMDAwMDAwLCJkZWxldGUiOjEyMDAwMDAwMDAwMDAsInVwZGF0ZSI6MTIwMDAwMDAwMDAwMH0sInNjaGVtYV92ZXJzaW9uIjoiMCJ9",
          "dependencies": [
            "data.google_service_account_access_token.default"
          ]
        }
      ]
    },
    {
      "mode": "managed",
      "type": "google_cloud_run_service",
      "name": "cloud-run-services",
      "provider": "provider[\"registry.terraform.io/hashicorp/google\"]",
      "instances": [
        {
          "index_key": "app",
          "schema_version": 1,
          "attributes": {
            "autogenerate_revision_name": true,
            "id": "locations/europe-west1/namespaces/ciccd-console/services/app",
            "location": "europe-west1",
            "metadata": [
              {
                "annotations": {
                  "run.googleapis.com/ingress": "all",
                  "run.googleapis.com/ingress-status": "all",
                  "serving.knative.dev/creator": "t.dekiere@gmail.com",
                  "serving.knative.dev/lastModifier": "t.dekiere@gmail.com"
                },
                "generation": 1,
                "labels": {
                  "cloud.googleapis.com/location": "europe-west1"
                },
                "namespace": "ciccd-console",
                "resource_version": "AAXf2m3BqDw",
                "self_link": "/apis/serving.knative.dev/v1/namespaces/1069288538142/services/app",
                "uid": "77986e01-436d-4029-bc8a-28a395f27738"
              }
            ],
            "name": "app",
            "project": "ciccd-console",
            "status": [
              {
                "conditions": [
                  {
                    "message": "",
                    "reason": "",
                    "status": "True",
                    "type": "Ready"
                  },
                  {
                    "message": "",
                    "reason": "",
                    "status": "True",
                    "type": "ConfigurationsReady"
                  },
                  {
                    "message": "",
                    "reason": "",
                    "status": "True",
                    "type": "RoutesReady"
                  }
                ],
                "latest_created_revision_name": "app-ffwgc",
                "latest_ready_revision_name": "app-ffwgc",
                "observed_generation": 1,
                "url": "https://app-crtmi2bbra-ew.a.run.app"
              }
            ],
            "template": [
              {
                "metadata": [
                  {
                    "annotations": {
                      "autoscaling.knative.dev/maxScale": "100"
                    },
                    "generation": 0,
                    "labels": {},
                    "name": "",
                    "namespace": "",
                    "resource_version": "",
                    "self_link": "",
                    "uid": ""
                  }
                ],
                "spec": [
                  {
                    "container_concurrency": 80,
                    "containers": [
                      {
                        "args": [],
                        "command": [],
                        "env": [],
                        "env_from": [],
                        "image": "us-docker.pkg.dev/cloudrun/container/hello",
                        "ports": [
                          {
                            "container_port": 8080,
                            "name": "http1",
                            "protocol": ""
                          }
                        ],
                        "resources": [
                          {
                            "limits": {
                              "cpu": "1000m",
                              "memory": "512Mi"
                            },
                            "requests": {}
                          }
                        ],
                        "volume_mounts": [],
                        "working_dir": ""
                      }
                    ],
                    "service_account_name": "1069288538142-compute@developer.gserviceaccount.com",
                    "serving_state": "",
                    "timeout_seconds": 300,
                    "volumes": []
                  }
                ]
              }
            ],
            "timeouts": null,
            "traffic": [
              {
                "latest_revision": true,
                "percent": 100,
                "revision_name": ""
              }
            ]
          },
          "sensitive_attributes": [],
          "private": "eyJlMmJmYjczMC1lY2FhLTExZTYtOGY4OC0zNDM2M2JjN2M0YzAiOnsiY3JlYXRlIjoxMjAwMDAwMDAwMDAwLCJkZWxldGUiOjEyMDAwMDAwMDAwMDAsInVwZGF0ZSI6MTIwMDAwMDAwMDAwMH0sInNjaGVtYV92ZXJzaW9uIjoiMSJ9",
          "dependencies": [
            "google_project_service.services"
          ]
        },
        {
          "index_key": "ciccd-service",
          "schema_version": 1,
          "attributes": {
            "autogenerate_revision_name": true,
            "id": "locations/europe-west1/namespaces/ciccd-console/services/ciccd-service",
            "location": "europe-west1",
            "metadata": [
              {
                "annotations": {
                  "run.googleapis.com/ingress": "all",
                  "run.googleapis.com/ingress-status": "all",
                  "serving.knative.dev/creator": "t.dekiere@gmail.com",
                  "serving.knative.dev/lastModifier": "t.dekiere@gmail.com"
                },
                "generation": 1,
                "labels": {
                  "cloud.googleapis.com/location": "europe-west1"
                },
                "namespace": "ciccd-console",
                "resource_version": "AAXf2m2/Okw",
                "self_link": "/apis/serving.knative.dev/v1/namespaces/1069288538142/services/ciccd-service",
                "uid": "6dd1c899-2a3f-46b2-bc57-2594ee9f57cc"
              }
            ],
            "name": "ciccd-service",
            "project": "ciccd-console",
            "status": [
              {
                "conditions": [
                  {
                    "message": "",
                    "reason": "",
                    "status": "True",
                    "type": "Ready"
                  },
                  {
                    "message": "",
                    "reason": "",
                    "status": "True",
                    "type": "ConfigurationsReady"
                  },
                  {
                    "message": "",
                    "reason": "",
                    "status": "True",
                    "type": "RoutesReady"
                  }
                ],
                "latest_created_revision_name": "ciccd-service-6x4l6",
                "latest_ready_revision_name": "ciccd-service-6x4l6",
                "observed_generation": 1,
                "url": "https://ciccd-service-crtmi2bbra-ew.a.run.app"
              }
            ],
            "template": [
              {
                "metadata": [
                  {
                    "annotations": {
                      "autoscaling.knative.dev/maxScale": "100"
                    },
                    "generation": 0,
                    "labels": {},
                    "name": "",
                    "namespace": "",
                    "resource_version": "",
                    "self_link": "",
                    "uid": ""
                  }
                ],
                "spec": [
                  {
                    "container_concurrency": 80,
                    "containers": [
                      {
                        "args": [],
                        "command": [],
                        "env": [],
                        "env_from": [],
                        "image": "us-docker.pkg.dev/cloudrun/container/hello",
                        "ports": [
                          {
                            "container_port": 8080,
                            "name": "http1",
                            "protocol": ""
                          }
                        ],
                        "resources": [
                          {
                            "limits": {
                              "cpu": "1000m",
                              "memory": "512Mi"
                            },
                            "requests": {}
                          }
                        ],
                        "volume_mounts": [],
                        "working_dir": ""
                      }
                    ],
                    "service_account_name": "1069288538142-compute@developer.gserviceaccount.com",
                    "serving_state": "",
                    "timeout_seconds": 300,
                    "volumes": []
                  }
                ]
              }
            ],
            "timeouts": null,
            "traffic": [
              {
                "latest_revision": true,
                "percent": 100,
                "revision_name": ""
              }
            ]
          },
          "sensitive_attributes": [],
          "private": "eyJlMmJmYjczMC1lY2FhLTExZTYtOGY4OC0zNDM2M2JjN2M0YzAiOnsiY3JlYXRlIjoxMjAwMDAwMDAwMDAwLCJkZWxldGUiOjEyMDAwMDAwMDAwMDAsInVwZGF0ZSI6MTIwMDAwMDAwMDAwMH0sInNjaGVtYV92ZXJzaW9uIjoiMSJ9",
          "dependencies": [
            "google_project_service.services"
          ]
        },
        {
          "index_key": "forward-service",
          "schema_version": 1,
          "attributes": {
            "autogenerate_revision_name": true,
            "id": "locations/europe-west1/namespaces/ciccd-console/services/forward-service",
            "location": "europe-west1",
            "metadata": [
              {
                "annotations": {
                  "run.googleapis.com/ingress": "all",
                  "run.googleapis.com/ingress-status": "all",
                  "serving.knative.dev/creator": "t.dekiere@gmail.com",
                  "serving.knative.dev/lastModifier": "t.dekiere@gmail.com"
                },
                "generation": 1,
                "labels": {
                  "cloud.googleapis.com/location": "europe-west1"
                },
                "namespace": "ciccd-console",
                "resource_version": "AAXf2m3PQUE",
                "self_link": "/apis/serving.knative.dev/v1/namespaces/1069288538142/services/forward-service",
                "uid": "dd6520e5-fa90-4fdc-a25b-6a5f1eef2c57"
              }
            ],
            "name": "forward-service",
            "project": "ciccd-console",
            "status": [
              {
                "conditions": [
                  {
                    "message": "",
                    "reason": "",
                    "status": "True",
                    "type": "Ready"
                  },
                  {
                    "message": "",
                    "reason": "",
                    "status": "True",
                    "type": "ConfigurationsReady"
                  },
                  {
                    "message": "",
                    "reason": "",
                    "status": "True",
                    "type": "RoutesReady"
                  }
                ],
                "latest_created_revision_name": "forward-service-m22d2",
                "latest_ready_revision_name": "forward-service-m22d2",
                "observed_generation": 1,
                "url": "https://forward-service-crtmi2bbra-ew.a.run.app"
              }
            ],
            "template": [
              {
                "metadata": [
                  {
                    "annotations": {
                      "autoscaling.knative.dev/maxScale": "100"
                    },
                    "generation": 0,
                    "labels": {},
                    "name": "",
                    "namespace": "",
                    "resource_version": "",
                    "self_link": "",
                    "uid": ""
                  }
                ],
                "spec": [
                  {
                    "container_concurrency": 80,
                    "containers": [
                      {
                        "args": [],
                        "command": [],
                        "env": [],
                        "env_from": [],
                        "image": "us-docker.pkg.dev/cloudrun/container/hello",
                        "ports": [
                          {
                            "container_port": 8080,
                            "name": "http1",
                            "protocol": ""
                          }
                        ],
                        "resources": [
                          {
                            "limits": {
                              "cpu": "1000m",
                              "memory": "512Mi"
                            },
                            "requests": {}
                          }
                        ],
                        "volume_mounts": [],
                        "working_dir": ""
                      }
                    ],
                    "service_account_name": "1069288538142-compute@developer.gserviceaccount.com",
                    "serving_state": "",
                    "timeout_seconds": 300,
                    "volumes": []
                  }
                ]
              }
            ],
            "timeouts": null,
            "traffic": [
              {
                "latest_revision": true,
                "percent": 100,
                "revision_name": ""
              }
            ]
          },
          "sensitive_attributes": [],
          "private": "eyJlMmJmYjczMC1lY2FhLTExZTYtOGY4OC0zNDM2M2JjN2M0YzAiOnsiY3JlYXRlIjoxMjAwMDAwMDAwMDAwLCJkZWxldGUiOjEyMDAwMDAwMDAwMDAsInVwZGF0ZSI6MTIwMDAwMDAwMDAwMH0sInNjaGVtYV92ZXJzaW9uIjoiMSJ9",
          "dependencies": [
            "google_project_service.services"
          ]
        }
      ]
    },
    {
      "mode": "managed",
      "type": "google_cloud_run_service_iam_binding",
      "name": "services-invoker-binding",
      "provider": "provider[\"registry.terraform.io/hashicorp/google\"]",
      "instances": [
        {
          "index_key": "ciccd-service",
          "schema_version": 0,
          "attributes": {
            "condition": [],
            "etag": "BwXf2rU8Odw=",
            "id": "v1/projects/ciccd-console/locations/europe-west1/services/ciccd-service/roles/run.invoker",
            "location": "europe-west1",
            "members": [
              "serviceAccount:invoker@ciccd-console.iam.gserviceaccount.com"
            ],
            "project": "ciccd-console",
            "role": "roles/run.invoker",
            "service": "v1/projects/ciccd-console/locations/europe-west1/services/ciccd-service"
          },
          "sensitive_attributes": [],
          "private": "bnVsbA==",
          "dependencies": [
            "google_cloud_run_service.cloud-run-services",
            "google_project_service.services",
            "google_service_account.invoker"
          ]
        },
        {
          "index_key": "forward-service",
          "schema_version": 0,
          "attributes": {
            "condition": [],
            "etag": "BwXf2rU7v7o=",
            "id": "v1/projects/ciccd-console/locations/europe-west1/services/forward-service/roles/run.invoker",
            "location": "europe-west1",
            "members": [
              "serviceAccount:invoker@ciccd-console.iam.gserviceaccount.com"
            ],
            "project": "ciccd-console",
            "role": "roles/run.invoker",
            "service": "v1/projects/ciccd-console/locations/europe-west1/services/forward-service"
          },
          "sensitive_attributes": [],
          "private": "bnVsbA==",
          "dependencies": [
            "google_cloud_run_service.cloud-run-services",
            "google_project_service.services",
            "google_service_account.invoker"
          ]
        }
      ]
    },
    {
      "mode": "managed",
      "type": "google_cloudbuild_trigger",
      "name": "cloud-run-service-triggers",
      "provider": "provider[\"registry.terraform.io/hashicorp/google-beta\"]",
      "instances": [
        {
          "index_key": "app",
          "schema_version": 1,
          "attributes": {
            "approval_config": [
              {
                "approval_required": false
              }
            ],
            "build": [
              {
                "artifacts": [
                  {
                    "images": [
                      "europe-west1-docker.pkg.dev/ciccd-console/docker-repository/app:$COMMIT_SHA"
                    ],
                    "objects": []
                  }
                ],
                "available_secrets": [
                  {
                    "secret_manager": [
                      {
                        "env": "GITHUB_TOKEN",
                        "version_name": "projects/ciccd-console/secrets/github-token/versions/latest"
                      }
                    ]
                  }
                ],
                "images": [],
                "logs_bucket": "",
                "options": [
                  {
                    "disk_size_gb": 0,
                    "dynamic_substitutions": false,
                    "env": [],
                    "log_streaming_option": "",
                    "logging": "CLOUD_LOGGING_ONLY",
                    "machine_type": "",
                    "requested_verify_option": "",
                    "secret_env": [],
                    "source_provenance_hash": [],
                    "substitution_option": "",
                    "volumes": [],
                    "worker_pool": ""
                  }
                ],
                "queue_ttl": "",
                "secret": [],
                "source": [],
                "step": [
                  {
                    "args": [
                      "-c",
                      "|",
                      "docker",
                      "build",
                      "-t",
                      "europe-west1-docker.pkg.dev/ciccd-console/docker-repository/app:$COMMIT_SHA",
                      "-f",
                      "packages/app/Dockerfile",
                      "--build-args=GITHUB_TOKEN=$$GITHUB_TOKEN",
                      "."
                    ],
                    "dir": "",
                    "entrypoint": "bash",
                    "env": [],
                    "id": "",
                    "name": "gcr.io/cloud-builders/docker",
                    "secret_env": [
                      "GITHUB_TOKEN"
                    ],
                    "timeout": "",
                    "timing": "",
                    "volumes": [],
                    "wait_for": []
                  },
                  {
                    "args": [
                      "push",
                      "europe-west1-docker.pkg.dev/ciccd-console/docker-repository/app:$COMMIT_SHA"
                    ],
                    "dir": "",
                    "entrypoint": "",
                    "env": [],
                    "id": "",
                    "name": "gcr.io/cloud-builders/docker",
                    "secret_env": [],
                    "timeout": "",
                    "timing": "",
                    "volumes": [],
                    "wait_for": []
                  },
                  {
                    "args": [
                      "run",
                      "deploy",
                      "app",
                      "--image",
                      "europe-west1-docker.pkg.dev/ciccd-console/docker-repository/app:$COMMIT_SHA",
                      "--region",
                      "europe-west1",
                      "--set-env-vars",
                      "HOSTNAME=https://app-crtmi2bbra-ew.a.run.app,GCP_PROJECT=ciccd-console",
                      "--service-account",
                      "app-runtime@ciccd-console.iam.gserviceaccount.com",
                      "--impersonate-service-account",
                      "builder@ciccd-console.iam.gserviceaccount.com",
                      "--update-secrets",
                      "GITHUB_TOKEN=github-token:latest"
                    ],
                    "dir": "",
                    "entrypoint": "gcloud",
                    "env": [],
                    "id": "",
                    "name": "gcr.io/cloud-builders/gcloud",
                    "secret_env": [],
                    "timeout": "",
                    "timing": "",
                    "volumes": [],
                    "wait_for": []
                  }
                ],
                "substitutions": {},
                "tags": [],
                "timeout": "600s"
              }
            ],
            "create_time": "2022-05-25T15:35:11.802306824Z",
            "description": "build and deploy app on cloud run",
            "disabled": false,
            "filename": "",
            "filter": "",
            "git_file_source": [],
            "github": [
              {
                "name": "cloud-build-monitor",
                "owner": "thdk",
                "pull_request": [],
                "push": [
                  {
                    "branch": ".*",
                    "invert_regex": false,
                    "tag": ""
                  }
                ]
              }
            ],
            "id": "projects/ciccd-console/triggers/app-trigger-deploy",
            "ignored_files": [],
            "included_files": [
              "packages/app/**"
            ],
            "name": "app-trigger-deploy",
            "project": "ciccd-console",
            "pubsub_config": [],
            "service_account": "projects/ciccd-console/serviceAccounts/builder@ciccd-console.iam.gserviceaccount.com",
            "source_to_build": [],
            "substitutions": {},
            "tags": [],
            "timeouts": {
              "create": null,
              "delete": null,
              "update": null
            },
            "trigger_id": "a5f513e2-178a-4dbb-be77-02fe8dac49ef",
            "trigger_template": [],
            "webhook_config": []
          },
          "sensitive_attributes": [],
          "private": "eyJlMmJmYjczMC1lY2FhLTExZTYtOGY4OC0zNDM2M2JjN2M0YzAiOnsiY3JlYXRlIjoxMjAwMDAwMDAwMDAwLCJkZWxldGUiOjEyMDAwMDAwMDAwMDAsInVwZGF0ZSI6MTIwMDAwMDAwMDAwMH0sInNjaGVtYV92ZXJzaW9uIjoiMSJ9",
          "dependencies": [
            "google_cloud_run_service.cloud-run-services",
            "google_project_service.services",
            "google_secret_manager_secret.github-token",
            "google_service_account.builder",
            "google_service_account.run-service-accounts"
          ]
        },
        {
          "index_key": "ciccd-service",
          "schema_version": 1,
          "attributes": {
            "approval_config": [
              {
                "approval_required": false
              }
            ],
            "build": [
              {
                "artifacts": [
                  {
                    "images": [
                      "europe-west1-docker.pkg.dev/ciccd-console/docker-repository/ciccd-service:$COMMIT_SHA"
                    ],
                    "objects": []
                  }
                ],
                "available_secrets": [
                  {
                    "secret_manager": [
                      {
                        "env": "GITHUB_TOKEN",
                        "version_name": "projects/ciccd-console/secrets/github-token/versions/latest"
                      }
                    ]
                  }
                ],
                "images": [],
                "logs_bucket": "",
                "options": [
                  {
                    "disk_size_gb": 0,
                    "dynamic_substitutions": false,
                    "env": [],
                    "log_streaming_option": "",
                    "logging": "CLOUD_LOGGING_ONLY",
                    "machine_type": "",
                    "requested_verify_option": "",
                    "secret_env": [],
                    "source_provenance_hash": [],
                    "substitution_option": "",
                    "volumes": [],
                    "worker_pool": ""
                  }
                ],
                "queue_ttl": "",
                "secret": [],
                "source": [],
                "step": [
                  {
                    "args": [
                      "-c",
                      "|",
                      "docker",
                      "build",
                      "-t",
                      "europe-west1-docker.pkg.dev/ciccd-console/docker-repository/ciccd-service:$COMMIT_SHA",
                      "-f",
                      "packages/ciccd-service/Dockerfile",
                      "--build-args=GITHUB_TOKEN=$$GITHUB_TOKEN",
                      "."
                    ],
                    "dir": "",
                    "entrypoint": "bash",
                    "env": [],
                    "id": "",
                    "name": "gcr.io/cloud-builders/docker",
                    "secret_env": [
                      "GITHUB_TOKEN"
                    ],
                    "timeout": "",
                    "timing": "",
                    "volumes": [],
                    "wait_for": []
                  },
                  {
                    "args": [
                      "push",
                      "europe-west1-docker.pkg.dev/ciccd-console/docker-repository/ciccd-service:$COMMIT_SHA"
                    ],
                    "dir": "",
                    "entrypoint": "",
                    "env": [],
                    "id": "",
                    "name": "gcr.io/cloud-builders/docker",
                    "secret_env": [],
                    "timeout": "",
                    "timing": "",
                    "volumes": [],
                    "wait_for": []
                  },
                  {
                    "args": [
                      "run",
                      "deploy",
                      "ciccd-service",
                      "--image",
                      "europe-west1-docker.pkg.dev/ciccd-console/docker-repository/ciccd-service:$COMMIT_SHA",
                      "--region",
                      "europe-west1",
                      "--set-env-vars",
                      "HOSTNAME=https://ciccd-service-crtmi2bbra-ew.a.run.app,GCP_PROJECT=ciccd-console",
                      "--service-account",
                      "ciccd-service-runtime@ciccd-console.iam.gserviceaccount.com",
                      "--impersonate-service-account",
                      "builder@ciccd-console.iam.gserviceaccount.com",
                      "--update-secrets",
                      "GITHUB_TOKEN=github-token:latest"
                    ],
                    "dir": "",
                    "entrypoint": "gcloud",
                    "env": [],
                    "id": "",
                    "name": "gcr.io/cloud-builders/gcloud",
                    "secret_env": [],
                    "timeout": "",
                    "timing": "",
                    "volumes": [],
                    "wait_for": []
                  }
                ],
                "substitutions": {},
                "tags": [],
                "timeout": "600s"
              }
            ],
            "create_time": "2022-05-09T06:35:50.296890123Z",
            "description": "build and deploy ciccd-service on cloud run",
            "disabled": false,
            "filename": "",
            "filter": "",
            "git_file_source": [],
            "github": [
              {
                "name": "cloud-build-monitor",
                "owner": "thdk",
                "pull_request": [],
                "push": [
                  {
                    "branch": ".*",
                    "invert_regex": false,
                    "tag": ""
                  }
                ]
              }
            ],
            "id": "projects/ciccd-console/triggers/ciccd-service-trigger-deploy",
            "ignored_files": [],
            "included_files": [
              "packages/ciccd-service/**"
            ],
            "name": "ciccd-service-trigger-deploy",
            "project": "ciccd-console",
            "pubsub_config": [],
            "service_account": "projects/ciccd-console/serviceAccounts/builder@ciccd-console.iam.gserviceaccount.com",
            "source_to_build": [],
            "substitutions": {},
            "tags": [],
            "timeouts": {
              "create": null,
              "delete": null,
              "update": null
            },
            "trigger_id": "d6134dd4-1e45-46b9-84b8-3cb324a71ad9",
            "trigger_template": [],
            "webhook_config": []
          },
          "sensitive_attributes": [],
          "private": "eyJlMmJmYjczMC1lY2FhLTExZTYtOGY4OC0zNDM2M2JjN2M0YzAiOnsiY3JlYXRlIjoxMjAwMDAwMDAwMDAwLCJkZWxldGUiOjEyMDAwMDAwMDAwMDAsInVwZGF0ZSI6MTIwMDAwMDAwMDAwMH0sInNjaGVtYV92ZXJzaW9uIjoiMSJ9",
          "dependencies": [
            "google_cloud_run_service.cloud-run-services",
            "google_project_service.services",
            "google_secret_manager_secret.github-token",
            "google_service_account.builder",
            "google_service_account.run-service-accounts"
          ]
        },
        {
          "index_key": "forward-service",
          "schema_version": 1,
          "attributes": {
            "approval_config": [
              {
                "approval_required": false
              }
            ],
            "build": [
              {
                "artifacts": [
                  {
                    "images": [
                      "europe-west1-docker.pkg.dev/ciccd-console/docker-repository/forward-service:$COMMIT_SHA"
                    ],
                    "objects": []
                  }
                ],
                "available_secrets": [
                  {
                    "secret_manager": [
                      {
                        "env": "GITHUB_TOKEN",
                        "version_name": "projects/ciccd-console/secrets/github-token/versions/latest"
                      }
                    ]
                  }
                ],
                "images": [],
                "logs_bucket": "",
                "options": [
                  {
                    "disk_size_gb": 0,
                    "dynamic_substitutions": false,
                    "env": [],
                    "log_streaming_option": "",
                    "logging": "CLOUD_LOGGING_ONLY",
                    "machine_type": "",
                    "requested_verify_option": "",
                    "secret_env": [],
                    "source_provenance_hash": [],
                    "substitution_option": "",
                    "volumes": [],
                    "worker_pool": ""
                  }
                ],
                "queue_ttl": "",
                "secret": [],
                "source": [],
                "step": [
                  {
                    "args": [
                      "-c",
                      "|",
                      "docker",
                      "build",
                      "-t",
                      "europe-west1-docker.pkg.dev/ciccd-console/docker-repository/forward-service:$COMMIT_SHA",
                      "-f",
                      "packages/forward-service/Dockerfile",
                      "--build-args=GITHUB_TOKEN=$$GITHUB_TOKEN",
                      "."
                    ],
                    "dir": "",
                    "entrypoint": "bash",
                    "env": [],
                    "id": "",
                    "name": "gcr.io/cloud-builders/docker",
                    "secret_env": [
                      "GITHUB_TOKEN"
                    ],
                    "timeout": "",
                    "timing": "",
                    "volumes": [],
                    "wait_for": []
                  },
                  {
                    "args": [
                      "push",
                      "europe-west1-docker.pkg.dev/ciccd-console/docker-repository/forward-service:$COMMIT_SHA"
                    ],
                    "dir": "",
                    "entrypoint": "",
                    "env": [],
                    "id": "",
                    "name": "gcr.io/cloud-builders/docker",
                    "secret_env": [],
                    "timeout": "",
                    "timing": "",
                    "volumes": [],
                    "wait_for": []
                  },
                  {
                    "args": [
                      "run",
                      "deploy",
                      "forward-service",
                      "--image",
                      "europe-west1-docker.pkg.dev/ciccd-console/docker-repository/forward-service:$COMMIT_SHA",
                      "--region",
                      "europe-west1",
                      "--set-env-vars",
                      "HOSTNAME=https://forward-service-crtmi2bbra-ew.a.run.app,GCP_PROJECT=ciccd-console",
                      "--service-account",
                      "forward-service-runtime@ciccd-console.iam.gserviceaccount.com",
                      "--impersonate-service-account",
                      "builder@ciccd-console.iam.gserviceaccount.com",
                      "--update-secrets",
                      "GITHUB_TOKEN=github-token:latest"
                    ],
                    "dir": "",
                    "entrypoint": "gcloud",
                    "env": [],
                    "id": "",
                    "name": "gcr.io/cloud-builders/gcloud",
                    "secret_env": [],
                    "timeout": "",
                    "timing": "",
                    "volumes": [],
                    "wait_for": []
                  }
                ],
                "substitutions": {},
                "tags": [],
                "timeout": "600s"
              }
            ],
            "create_time": "2022-05-09T06:35:50.295994438Z",
            "description": "build and deploy forward-service on cloud run",
            "disabled": false,
            "filename": "",
            "filter": "",
            "git_file_source": [],
            "github": [
              {
                "name": "cloud-build-monitor",
                "owner": "thdk",
                "pull_request": [],
                "push": [
                  {
                    "branch": ".*",
                    "invert_regex": false,
                    "tag": ""
                  }
                ]
              }
            ],
            "id": "projects/ciccd-console/triggers/forward-service-trigger-deploy",
            "ignored_files": [],
            "included_files": [
              "packages/forward-service/**"
            ],
            "name": "forward-service-trigger-deploy",
            "project": "ciccd-console",
            "pubsub_config": [],
            "service_account": "projects/ciccd-console/serviceAccounts/builder@ciccd-console.iam.gserviceaccount.com",
            "source_to_build": [],
            "substitutions": {},
            "tags": [],
            "timeouts": {
              "create": null,
              "delete": null,
              "update": null
            },
            "trigger_id": "17fe493a-9769-4f97-95e7-71a2f6cae738",
            "trigger_template": [],
            "webhook_config": []
          },
          "sensitive_attributes": [],
          "private": "eyJlMmJmYjczMC1lY2FhLTExZTYtOGY4OC0zNDM2M2JjN2M0YzAiOnsiY3JlYXRlIjoxMjAwMDAwMDAwMDAwLCJkZWxldGUiOjEyMDAwMDAwMDAwMDAsInVwZGF0ZSI6MTIwMDAwMDAwMDAwMH0sInNjaGVtYV92ZXJzaW9uIjoiMSJ9",
          "dependencies": [
            "google_cloud_run_service.cloud-run-services",
            "google_project_service.services",
            "google_secret_manager_secret.github-token",
            "google_service_account.builder",
            "google_service_account.run-service-accounts"
          ]
        }
      ]
    },
    {
      "mode": "managed",
      "type": "google_project_iam_member",
      "name": "artifactregistry-writer",
      "provider": "provider[\"registry.terraform.io/hashicorp/google\"]",
      "instances": [
        {
          "schema_version": 0,
          "attributes": {
            "condition": [],
            "etag": "BwXf2rVpg6A=",
            "id": "ciccd-console/roles/artifactregistry.writer/serviceAccount:builder@ciccd-console.iam.gserviceaccount.com",
            "member": "serviceAccount:builder@ciccd-console.iam.gserviceaccount.com",
            "project": "ciccd-console",
            "role": "roles/artifactregistry.writer"
          },
          "sensitive_attributes": [],
          "private": "bnVsbA==",
          "dependencies": [
            "google_service_account.builder"
          ]
        }
      ]
    },
    {
      "mode": "managed",
      "type": "google_project_iam_member",
      "name": "builder-token-creator",
      "provider": "provider[\"registry.terraform.io/hashicorp/google\"]",
      "instances": [
        {
          "schema_version": 0,
          "attributes": {
            "condition": [],
            "etag": "BwXf2rVpg6A=",
            "id": "ciccd-console/roles/iam.serviceAccountTokenCreator/serviceAccount:builder@ciccd-console.iam.gserviceaccount.com",
            "member": "serviceAccount:builder@ciccd-console.iam.gserviceaccount.com",
            "project": "ciccd-console",
            "role": "roles/iam.serviceAccountTokenCreator"
          },
          "sensitive_attributes": [],
          "private": "bnVsbA==",
          "dependencies": [
            "google_service_account.builder"
          ]
        }
      ]
    },
    {
      "mode": "managed",
      "type": "google_project_iam_member",
      "name": "cloudbuild-builds-viewer-forward-service",
      "provider": "provider[\"registry.terraform.io/hashicorp/google\"]",
      "instances": [
        {
          "schema_version": 0,
          "attributes": {
            "condition": [],
            "etag": "BwXf2rVpg6A=",
            "id": "ciccd-console/roles/cloudbuild.builds.viewer/serviceAccount:forward-service-runtime@ciccd-console.iam.gserviceaccount.com",
            "member": "serviceAccount:forward-service-runtime@ciccd-console.iam.gserviceaccount.com",
            "project": "ciccd-console",
            "role": "roles/cloudbuild.builds.viewer"
          },
          "sensitive_attributes": [],
          "private": "bnVsbA==",
          "dependencies": [
            "google_service_account.run-service-accounts"
          ]
        }
      ]
    },
    {
      "mode": "managed",
      "type": "google_project_iam_member",
      "name": "firebase-admin-ciccd-service",
      "provider": "provider[\"registry.terraform.io/hashicorp/google\"]",
      "instances": [
        {
          "schema_version": 0,
          "attributes": {
            "condition": [],
            "etag": "BwXf2rVpg6A=",
            "id": "ciccd-console/roles/firebase.admin/serviceAccount:ciccd-service-runtime@ciccd-console.iam.gserviceaccount.com",
            "member": "serviceAccount:ciccd-service-runtime@ciccd-console.iam.gserviceaccount.com",
            "project": "ciccd-console",
            "role": "roles/firebase.admin"
          },
          "sensitive_attributes": [],
          "private": "bnVsbA==",
          "dependencies": [
            "google_service_account.run-service-accounts"
          ]
        }
      ]
    },
    {
      "mode": "managed",
      "type": "google_project_iam_member",
      "name": "iam-serviceAccountUser",
      "provider": "provider[\"registry.terraform.io/hashicorp/google\"]",
      "instances": [
        {
          "schema_version": 0,
          "attributes": {
            "condition": [],
            "etag": "BwXf2rVpg6A=",
            "id": "ciccd-console/roles/iam.serviceAccountUser/serviceAccount:builder@ciccd-console.iam.gserviceaccount.com",
            "member": "serviceAccount:builder@ciccd-console.iam.gserviceaccount.com",
            "project": "ciccd-console",
            "role": "roles/iam.serviceAccountUser"
          },
          "sensitive_attributes": [],
          "private": "bnVsbA==",
          "dependencies": [
            "google_service_account.builder"
          ]
        }
      ]
    },
    {
      "mode": "managed",
      "type": "google_project_iam_member",
      "name": "logging-logWriter",
      "provider": "provider[\"registry.terraform.io/hashicorp/google\"]",
      "instances": [
        {
          "schema_version": 0,
          "attributes": {
            "condition": [],
            "etag": "BwXf2rVpg6A=",
            "id": "ciccd-console/roles/logging.logWriter/serviceAccount:builder@ciccd-console.iam.gserviceaccount.com",
            "member": "serviceAccount:builder@ciccd-console.iam.gserviceaccount.com",
            "project": "ciccd-console",
            "role": "roles/logging.logWriter"
          },
          "sensitive_attributes": [],
          "private": "bnVsbA==",
          "dependencies": [
            "google_service_account.builder"
          ]
        }
      ]
    },
    {
      "mode": "managed",
      "type": "google_project_iam_member",
      "name": "pubsub-token-creator",
      "provider": "provider[\"registry.terraform.io/hashicorp/google\"]",
      "instances": [
        {
          "schema_version": 0,
          "attributes": {
            "condition": [],
            "etag": "BwXf2rVpg6A=",
            "id": "ciccd-console/roles/iam.serviceAccountTokenCreator/serviceAccount:service-1069288538142@gcp-sa-pubsub.iam.gserviceaccount.com",
            "member": "serviceAccount:service-1069288538142@gcp-sa-pubsub.iam.gserviceaccount.com",
            "project": "ciccd-console",
            "role": "roles/iam.serviceAccountTokenCreator"
          },
          "sensitive_attributes": [],
          "private": "bnVsbA==",
          "dependencies": [
            "data.google_project.current-project"
          ]
        }
      ]
    },
    {
      "mode": "managed",
      "type": "google_project_iam_member",
      "name": "run-admin",
      "provider": "provider[\"registry.terraform.io/hashicorp/google\"]",
      "instances": [
        {
          "schema_version": 0,
          "attributes": {
            "condition": [],
            "etag": "BwXf2rVpg6A=",
            "id": "ciccd-console/roles/run.admin/serviceAccount:builder@ciccd-console.iam.gserviceaccount.com",
            "member": "serviceAccount:builder@ciccd-console.iam.gserviceaccount.com",
            "project": "ciccd-console",
            "role": "roles/run.admin"
          },
          "sensitive_attributes": [],
          "private": "bnVsbA==",
          "dependencies": [
            "google_service_account.builder"
          ]
        }
      ]
    },
    {
      "mode": "managed",
      "type": "google_project_service",
      "name": "services",
      "provider": "provider[\"registry.terraform.io/hashicorp/google\"]",
      "instances": [
        {
          "index_key": 0,
          "schema_version": 0,
          "attributes": {
            "disable_dependent_services": null,
            "disable_on_destroy": false,
            "id": "ciccd-console/storage.googleapis.com",
            "project": "ciccd-console",
            "service": "storage.googleapis.com",
            "timeouts": null
          },
          "sensitive_attributes": [],
          "private": "eyJlMmJmYjczMC1lY2FhLTExZTYtOGY4OC0zNDM2M2JjN2M0YzAiOnsiY3JlYXRlIjoxMjAwMDAwMDAwMDAwLCJkZWxldGUiOjEyMDAwMDAwMDAwMDAsInJlYWQiOjYwMDAwMDAwMDAwMCwidXBkYXRlIjoxMjAwMDAwMDAwMDAwfX0="
        },
        {
          "index_key": 1,
          "schema_version": 0,
          "attributes": {
            "disable_dependent_services": null,
            "disable_on_destroy": false,
            "id": "ciccd-console/run.googleapis.com",
            "project": "ciccd-console",
            "service": "run.googleapis.com",
            "timeouts": null
          },
          "sensitive_attributes": [],
          "private": "eyJlMmJmYjczMC1lY2FhLTExZTYtOGY4OC0zNDM2M2JjN2M0YzAiOnsiY3JlYXRlIjoxMjAwMDAwMDAwMDAwLCJkZWxldGUiOjEyMDAwMDAwMDAwMDAsInJlYWQiOjYwMDAwMDAwMDAwMCwidXBkYXRlIjoxMjAwMDAwMDAwMDAwfX0="
        },
        {
          "index_key": 2,
          "schema_version": 0,
          "attributes": {
            "disable_dependent_services": null,
            "disable_on_destroy": false,
            "id": "ciccd-console/artifactregistry.googleapis.com",
            "project": "ciccd-console",
            "service": "artifactregistry.googleapis.com",
            "timeouts": null
          },
          "sensitive_attributes": [],
          "private": "eyJlMmJmYjczMC1lY2FhLTExZTYtOGY4OC0zNDM2M2JjN2M0YzAiOnsiY3JlYXRlIjoxMjAwMDAwMDAwMDAwLCJkZWxldGUiOjEyMDAwMDAwMDAwMDAsInJlYWQiOjYwMDAwMDAwMDAwMCwidXBkYXRlIjoxMjAwMDAwMDAwMDAwfX0="
        }
      ]
    },
    {
      "mode": "managed",
      "type": "google_pubsub_subscription",
      "name": "ciccd-build",
      "provider": "provider[\"registry.terraform.io/hashicorp/google\"]",
      "instances": [
        {
          "schema_version": 0,
          "attributes": {
            "ack_deadline_seconds": 600,
            "dead_letter_policy": [],
            "enable_exactly_once_delivery": false,
            "enable_message_ordering": false,
            "expiration_policy": [
              {
                "ttl": "2678400s"
              }
            ],
            "filter": "",
            "id": "projects/ciccd-console/subscriptions/ciccd-builds-subscription",
            "labels": {},
            "message_retention_duration": "604800s",
            "name": "ciccd-builds-subscription",
            "project": "ciccd-console",
            "push_config": [
              {
                "attributes": {},
                "oidc_token": [
                  {
                    "audience": "",
                    "service_account_email": "invoker@ciccd-console.iam.gserviceaccount.com"
                  }
                ],
                "push_endpoint": "https://ciccd-service-crtmi2bbra-ew.a.run.app"
              }
            ],
            "retain_acked_messages": false,
            "retry_policy": [],
            "timeouts": {
              "create": null,
              "delete": null,
              "update": null
            },
            "topic": "projects/ciccd-console/topics/ciccd-builds"
          },
          "sensitive_attributes": [],
          "private": "eyJlMmJmYjczMC1lY2FhLTExZTYtOGY4OC0zNDM2M2JjN2M0YzAiOnsiY3JlYXRlIjoxMjAwMDAwMDAwMDAwLCJkZWxldGUiOjEyMDAwMDAwMDAwMDAsInVwZGF0ZSI6MTIwMDAwMDAwMDAwMH0sInNjaGVtYV92ZXJzaW9uIjoiMCJ9",
          "dependencies": [
            "google_cloud_run_service.cloud-run-services",
            "google_project_service.services",
            "google_service_account.invoker"
          ]
        }
      ]
    },
    {
      "mode": "managed",
      "type": "google_pubsub_subscription",
      "name": "cloud-build",
      "provider": "provider[\"registry.terraform.io/hashicorp/google\"]",
      "instances": [
        {
          "index_key": "ciccd-console",
          "schema_version": 0,
          "attributes": {
            "ack_deadline_seconds": 600,
            "dead_letter_policy": [],
            "enable_exactly_once_delivery": false,
            "enable_message_ordering": false,
            "expiration_policy": [
              {
                "ttl": "2678400s"
              }
            ],
            "filter": "",
            "id": "projects/ciccd-console/subscriptions/cloud-builds-subscription-ciccd-console",
            "labels": {},
            "message_retention_duration": "604800s",
            "name": "cloud-builds-subscription-ciccd-console",
            "project": "ciccd-console",
            "push_config": [
              {
                "attributes": {},
                "oidc_token": [
                  {
                    "audience": "",
                    "service_account_email": "invoker@ciccd-console.iam.gserviceaccount.com"
                  }
                ],
                "push_endpoint": "https://forward-service-crtmi2bbra-ew.a.run.app"
              }
            ],
            "retain_acked_messages": false,
            "retry_policy": [],
            "timeouts": {
              "create": null,
              "delete": null,
              "update": null
            },
            "topic": "projects/ciccd-console/topics/cloud-builds"
          },
          "sensitive_attributes": [],
          "private": "eyJlMmJmYjczMC1lY2FhLTExZTYtOGY4OC0zNDM2M2JjN2M0YzAiOnsiY3JlYXRlIjoxMjAwMDAwMDAwMDAwLCJkZWxldGUiOjEyMDAwMDAwMDAwMDAsInVwZGF0ZSI6MTIwMDAwMDAwMDAwMH0sInNjaGVtYV92ZXJzaW9uIjoiMCJ9",
          "dependencies": [
            "google_cloud_run_service.cloud-run-services",
            "google_project_service.services",
            "google_service_account.invoker"
          ]
        },
        {
          "index_key": "scrum-poker-31315",
          "schema_version": 0,
          "attributes": {
            "ack_deadline_seconds": 600,
            "dead_letter_policy": [],
            "enable_exactly_once_delivery": false,
            "enable_message_ordering": false,
            "expiration_policy": [
              {
                "ttl": "2678400s"
              }
            ],
            "filter": "",
            "id": "projects/ciccd-console/subscriptions/cloud-builds-subscription-scrum-poker-31315",
            "labels": {},
            "message_retention_duration": "604800s",
            "name": "cloud-builds-subscription-scrum-poker-31315",
            "project": "ciccd-console",
            "push_config": [
              {
                "attributes": {},
                "oidc_token": [
                  {
                    "audience": "",
                    "service_account_email": "invoker@ciccd-console.iam.gserviceaccount.com"
                  }
                ],
                "push_endpoint": "https://forward-service-crtmi2bbra-ew.a.run.app"
              }
            ],
            "retain_acked_messages": false,
            "retry_policy": [],
            "timeouts": {
              "create": null,
              "delete": null,
              "update": null
            },
            "topic": "projects/scrum-poker-31315/topics/cloud-builds"
          },
          "sensitive_attributes": [],
          "private": "eyJlMmJmYjczMC1lY2FhLTExZTYtOGY4OC0zNDM2M2JjN2M0YzAiOnsiY3JlYXRlIjoxMjAwMDAwMDAwMDAwLCJkZWxldGUiOjEyMDAwMDAwMDAwMDAsInVwZGF0ZSI6MTIwMDAwMDAwMDAwMH0sInNjaGVtYV92ZXJzaW9uIjoiMCJ9",
          "dependencies": [
            "google_cloud_run_service.cloud-run-services",
            "google_project_service.services",
            "google_service_account.invoker"
          ]
        },
        {
          "index_key": "team-timesheets",
          "schema_version": 0,
          "attributes": {
            "ack_deadline_seconds": 600,
            "dead_letter_policy": [],
            "enable_exactly_once_delivery": false,
            "enable_message_ordering": false,
            "expiration_policy": [
              {
                "ttl": "2678400s"
              }
            ],
            "filter": "",
            "id": "projects/ciccd-console/subscriptions/cloud-builds-subscription-team-timesheets",
            "labels": {},
            "message_retention_duration": "604800s",
            "name": "cloud-builds-subscription-team-timesheets",
            "project": "ciccd-console",
            "push_config": [
              {
                "attributes": {},
                "oidc_token": [
                  {
                    "audience": "",
                    "service_account_email": "invoker@ciccd-console.iam.gserviceaccount.com"
                  }
                ],
                "push_endpoint": "https://forward-service-crtmi2bbra-ew.a.run.app"
              }
            ],
            "retain_acked_messages": false,
            "retry_policy": [],
            "timeouts": {
              "create": null,
              "delete": null,
              "update": null
            },
            "topic": "projects/team-timesheets/topics/cloud-builds"
          },
          "sensitive_attributes": [],
          "private": "eyJlMmJmYjczMC1lY2FhLTExZTYtOGY4OC0zNDM2M2JjN2M0YzAiOnsiY3JlYXRlIjoxMjAwMDAwMDAwMDAwLCJkZWxldGUiOjEyMDAwMDAwMDAwMDAsInVwZGF0ZSI6MTIwMDAwMDAwMDAwMH0sInNjaGVtYV92ZXJzaW9uIjoiMCJ9",
          "dependencies": [
            "google_cloud_run_service.cloud-run-services",
            "google_project_service.services",
            "google_service_account.invoker"
          ]
        }
      ]
    },
    {
      "mode": "managed",
      "type": "google_pubsub_topic",
      "name": "ciccd-builds",
      "provider": "provider[\"registry.terraform.io/hashicorp/google\"]",
      "instances": [
        {
          "schema_version": 0,
          "attributes": {
            "id": "projects/ciccd-console/topics/ciccd-builds",
            "kms_key_name": "",
            "labels": {},
            "message_retention_duration": "",
            "message_storage_policy": [],
            "name": "ciccd-builds",
            "project": "ciccd-console",
            "schema_settings": [],
            "timeouts": {
              "create": null,
              "delete": null,
              "update": null
            }
          },
          "sensitive_attributes": [],
          "private": "eyJlMmJmYjczMC1lY2FhLTExZTYtOGY4OC0zNDM2M2JjN2M0YzAiOnsiY3JlYXRlIjoxMjAwMDAwMDAwMDAwLCJkZWxldGUiOjEyMDAwMDAwMDAwMDAsInVwZGF0ZSI6MTIwMDAwMDAwMDAwMH0sInNjaGVtYV92ZXJzaW9uIjoiMCJ9"
        }
      ]
    },
    {
      "mode": "managed",
      "type": "google_pubsub_topic_iam_member",
      "name": "pubsub-publisher-forward-service",
      "provider": "provider[\"registry.terraform.io/hashicorp/google\"]",
      "instances": [
        {
          "schema_version": 0,
          "attributes": {
            "condition": [],
            "etag": "BwXf2vvInew=",
            "id": "projects/ciccd-console/topics/ciccd-builds/roles/pubsub.publisher/serviceAccount:forward-service-runtime@ciccd-console.iam.gserviceaccount.com",
            "member": "serviceAccount:forward-service-runtime@ciccd-console.iam.gserviceaccount.com",
            "project": "ciccd-console",
            "role": "roles/pubsub.publisher",
            "topic": "projects/ciccd-console/topics/ciccd-builds"
          },
          "sensitive_attributes": [],
          "private": "bnVsbA==",
          "dependencies": [
            "google_pubsub_topic.ciccd-builds",
            "google_service_account.run-service-accounts"
          ]
        }
      ]
    },
    {
      "mode": "managed",
      "type": "google_secret_manager_secret",
      "name": "github-token",
      "provider": "provider[\"registry.terraform.io/hashicorp/google\"]",
      "instances": [
        {
          "schema_version": 0,
          "attributes": {
            "create_time": "2022-05-10T20:57:50.626212Z",
            "expire_time": "",
            "id": "projects/1069288538142/secrets/github-token",
            "labels": {},
            "name": "projects/1069288538142/secrets/github-token",
            "project": "1069288538142",
            "replication": [
              {
                "automatic": true,
                "user_managed": []
              }
            ],
            "rotation": [],
            "secret_id": "github-token",
            "timeouts": {
              "create": null,
              "delete": null,
              "update": null
            },
            "topics": [],
            "ttl": null
          },
          "sensitive_attributes": [],
          "private": "eyJlMmJmYjczMC1lY2FhLTExZTYtOGY4OC0zNDM2M2JjN2M0YzAiOnsiY3JlYXRlIjoxMjAwMDAwMDAwMDAwLCJkZWxldGUiOjEyMDAwMDAwMDAwMDAsInVwZGF0ZSI6MTIwMDAwMDAwMDAwMH0sInNjaGVtYV92ZXJzaW9uIjoiMCJ9"
        }
      ]
    },
    {
      "mode": "managed",
      "type": "google_secret_manager_secret_iam_member",
      "name": "app-secret-accessor",
      "provider": "provider[\"registry.terraform.io/hashicorp/google\"]",
      "instances": [
        {
          "schema_version": 0,
          "attributes": {
            "condition": [],
            "etag": "BwXf5wTGkxI=",
            "id": "projects/1069288538142/secrets/github-token/roles/secretmanager.secretAccessor/serviceAccount:builder@ciccd-console.iam.gserviceaccount.com",
            "member": "serviceAccount:builder@ciccd-console.iam.gserviceaccount.com",
            "project": "1069288538142",
            "role": "roles/secretmanager.secretAccessor",
            "secret_id": "projects/1069288538142/secrets/github-token"
          },
          "sensitive_attributes": [],
          "private": "bnVsbA==",
          "dependencies": [
            "google_secret_manager_secret.github-token",
            "google_service_account.builder"
          ]
        }
      ]
    },
    {
      "mode": "managed",
      "type": "google_secret_manager_secret_iam_member",
      "name": "ciccd-service-secret-accessor",
      "provider": "provider[\"registry.terraform.io/hashicorp/google\"]",
      "instances": [
        {
          "schema_version": 0,
          "attributes": {
            "condition": [],
            "etag": "BwXf5wTGkxI=",
            "id": "projects/1069288538142/secrets/github-token/roles/secretmanager.secretAccessor/serviceAccount:forward-service-runtime@ciccd-console.iam.gserviceaccount.com",
            "member": "serviceAccount:forward-service-runtime@ciccd-console.iam.gserviceaccount.com",
            "project": "1069288538142",
            "role": "roles/secretmanager.secretAccessor",
            "secret_id": "projects/1069288538142/secrets/github-token"
          },
          "sensitive_attributes": [],
          "private": "bnVsbA==",
          "dependencies": [
            "google_secret_manager_secret.github-token",
            "google_service_account.run-service-accounts"
          ]
        }
      ]
    },
    {
      "mode": "managed",
      "type": "google_secret_manager_secret_iam_member",
      "name": "forward-service-secret-accessor",
      "provider": "provider[\"registry.terraform.io/hashicorp/google\"]",
      "instances": [
        {
          "schema_version": 0,
          "attributes": {
            "condition": [],
            "etag": "BwXf5wTGkxI=",
            "id": "projects/1069288538142/secrets/github-token/roles/secretmanager.secretAccessor/serviceAccount:ciccd-service-runtime@ciccd-console.iam.gserviceaccount.com",
            "member": "serviceAccount:ciccd-service-runtime@ciccd-console.iam.gserviceaccount.com",
            "project": "1069288538142",
            "role": "roles/secretmanager.secretAccessor",
            "secret_id": "projects/1069288538142/secrets/github-token"
          },
          "sensitive_attributes": [],
          "private": "bnVsbA==",
          "dependencies": [
            "google_secret_manager_secret.github-token",
            "google_service_account.run-service-accounts"
          ]
        }
      ]
    },
    {
      "mode": "managed",
      "type": "google_secret_manager_secret_version",
      "name": "github-token-dummy",
      "provider": "provider[\"registry.terraform.io/hashicorp/google\"]",
      "instances": [
        {
          "schema_version": 0,
          "attributes": {
            "create_time": "2022-05-25T19:21:44.095280Z",
            "destroy_time": "2022-05-26T10:44:50.395751348Z",
            "enabled": true,
            "id": "projects/1069288538142/secrets/github-token/versions/4",
            "name": "projects/1069288538142/secrets/github-token/versions/4",
            "secret": "projects/1069288538142/secrets/github-token",
            "secret_data": "GITHUB_TOKEN",
            "timeouts": null
          },
          "sensitive_attributes": [],
          "private": "eyJlMmJmYjczMC1lY2FhLTExZTYtOGY4OC0zNDM2M2JjN2M0YzAiOnsiY3JlYXRlIjoxMjAwMDAwMDAwMDAwLCJkZWxldGUiOjEyMDAwMDAwMDAwMDB9fQ==",
          "dependencies": [
            "google_secret_manager_secret.github-token"
          ]
        }
      ]
    },
    {
      "mode": "managed",
      "type": "google_service_account",
      "name": "builder",
      "provider": "provider[\"registry.terraform.io/hashicorp/google\"]",
      "instances": [
        {
          "schema_version": 0,
          "attributes": {
            "account_id": "builder",
            "description": "Service account used for cloud builds (including deploy permissions)",
            "disabled": false,
            "display_name": "builder",
            "email": "builder@ciccd-console.iam.gserviceaccount.com",
            "id": "projects/ciccd-console/serviceAccounts/builder@ciccd-console.iam.gserviceaccount.com",
            "name": "projects/ciccd-console/serviceAccounts/builder@ciccd-console.iam.gserviceaccount.com",
            "project": "ciccd-console",
            "timeouts": {
              "create": null
            },
            "unique_id": "110711100661312042682"
          },
          "sensitive_attributes": [],
          "private": "eyJlMmJmYjczMC1lY2FhLTExZTYtOGY4OC0zNDM2M2JjN2M0YzAiOnsiY3JlYXRlIjozMDAwMDAwMDAwMDB9LCJzY2hlbWFfdmVyc2lvbiI6IjAifQ=="
        }
      ]
    },
    {
      "mode": "managed",
      "type": "google_service_account",
      "name": "invoker",
      "provider": "provider[\"registry.terraform.io/hashicorp/google\"]",
      "instances": [
        {
          "schema_version": 0,
          "attributes": {
            "account_id": "invoker",
            "description": "Service account used to invoke cloud run services",
            "disabled": false,
            "display_name": "invoker",
            "email": "invoker@ciccd-console.iam.gserviceaccount.com",
            "id": "projects/ciccd-console/serviceAccounts/invoker@ciccd-console.iam.gserviceaccount.com",
            "name": "projects/ciccd-console/serviceAccounts/invoker@ciccd-console.iam.gserviceaccount.com",
            "project": "ciccd-console",
            "timeouts": {
              "create": null
            },
            "unique_id": "100471087550729837943"
          },
          "sensitive_attributes": [],
          "private": "eyJlMmJmYjczMC1lY2FhLTExZTYtOGY4OC0zNDM2M2JjN2M0YzAiOnsiY3JlYXRlIjozMDAwMDAwMDAwMDB9LCJzY2hlbWFfdmVyc2lvbiI6IjAifQ=="
        }
      ]
    },
    {
      "mode": "managed",
      "type": "google_service_account",
      "name": "run-service-accounts",
      "provider": "provider[\"registry.terraform.io/hashicorp/google\"]",
      "instances": [
        {
          "index_key": "app",
          "schema_version": 0,
          "attributes": {
            "account_id": "app-runtime",
            "description": "Service account which will get impersonated by the app",
            "disabled": false,
            "display_name": "app",
            "email": "app-runtime@ciccd-console.iam.gserviceaccount.com",
            "id": "projects/ciccd-console/serviceAccounts/app-runtime@ciccd-console.iam.gserviceaccount.com",
            "name": "projects/ciccd-console/serviceAccounts/app-runtime@ciccd-console.iam.gserviceaccount.com",
            "project": "ciccd-console",
            "timeouts": null,
            "unique_id": "108950940438882103173"
          },
          "sensitive_attributes": [],
          "private": "eyJlMmJmYjczMC1lY2FhLTExZTYtOGY4OC0zNDM2M2JjN2M0YzAiOnsiY3JlYXRlIjozMDAwMDAwMDAwMDB9fQ=="
        },
        {
          "index_key": "ciccd-service",
          "schema_version": 0,
          "attributes": {
            "account_id": "ciccd-service-runtime",
            "description": "Service account which will get impersonated by the ciccd-service",
            "disabled": false,
            "display_name": "ciccd-service",
            "email": "ciccd-service-runtime@ciccd-console.iam.gserviceaccount.com",
            "id": "projects/ciccd-console/serviceAccounts/ciccd-service-runtime@ciccd-console.iam.gserviceaccount.com",
            "name": "projects/ciccd-console/serviceAccounts/ciccd-service-runtime@ciccd-console.iam.gserviceaccount.com",
            "project": "ciccd-console",
            "timeouts": null,
            "unique_id": "108192259625090405992"
          },
          "sensitive_attributes": [],
          "private": "eyJlMmJmYjczMC1lY2FhLTExZTYtOGY4OC0zNDM2M2JjN2M0YzAiOnsiY3JlYXRlIjozMDAwMDAwMDAwMDB9fQ=="
        },
        {
          "index_key": "forward-service",
          "schema_version": 0,
          "attributes": {
            "account_id": "forward-service-runtime",
            "description": "Service account which will get impersonated by the forward-service",
            "disabled": false,
            "display_name": "forward-service",
            "email": "forward-service-runtime@ciccd-console.iam.gserviceaccount.com",
            "id": "projects/ciccd-console/serviceAccounts/forward-service-runtime@ciccd-console.iam.gserviceaccount.com",
            "name": "projects/ciccd-console/serviceAccounts/forward-service-runtime@ciccd-console.iam.gserviceaccount.com",
            "project": "ciccd-console",
            "timeouts": null,
            "unique_id": "103654124179198074409"
          },
          "sensitive_attributes": [],
          "private": "eyJlMmJmYjczMC1lY2FhLTExZTYtOGY4OC0zNDM2M2JjN2M0YzAiOnsiY3JlYXRlIjozMDAwMDAwMDAwMDB9fQ=="
        }
      ]
    }
  ]
}
